
Microsoft Visual Studio Solution File, Format Version 12.00
# Visual Studio Version 17
VisualStudioVersion = 17.5.002.0
MinimumVisualStudioVersion = 10.0.40219.1
Project("{9A19103F-16F7-4668-BE54-9A1E7A4F7556}") = "BlazorApp", "BlazorApp.csproj", "{C1EC5820-1B90-4B54-82F3-5BF84A97B8DB}"
EndProject
Global
	GlobalSection(SolutionConfigurationPlatforms) = preSolution
		Debug|Any CPU = Debug|Any CPU
		Release|Any CPU = Release|Any CPU
	EndGlobalSection
	GlobalSection(ProjectConfigurationPlatforms) = postSolution
		{C1EC5820-1B90-4B54-82F3-5BF84A97B8DB}.Debug|Any CPU.ActiveCfg = Debug|Any CPU
		{C1EC5820-1B90-4B54-82F3-5BF84A97B8DB}.Debug|Any CPU.Build.0 = Debug|Any CPU
		{C1EC5820-1B90-4B54-82F3-5BF84A97B8DB}.Release|Any CPU.ActiveCfg = Release|Any CPU
		{C1EC5820-1B90-4B54-82F3-5BF84A97B8DB}.Release|Any CPU.Build.0 = Release|Any CPU
	EndGlobalSection
	GlobalSection(SolutionProperties) = preSolution
		HideSolutionNode = FALSE
	EndGlobalSection
	GlobalSection(ExtensibilityGlobals) = postSolution
		SolutionGuid = {C6373DB3-CCF0-437F-8BC9-ACE8BAB67EFC}
	EndGlobalSection
EndGlobal
